// !$*UTF8*$!
{
	archiveVersion = 1;
	classes = {
	};
	objectVersion = 56;
	objects = {

/* Begin PBXBuildFile section */
		160189862B1A026B0012B315 /* Mic.swift in Sources */ = {isa = PBXBuildFile; fileRef = 160189852B1A026B0012B315 /* Mic.swift */; };
		1601898D2B1A51860012B315 /* MarkdownUI in Frameworks */ = {isa = PBXBuildFile; productRef = 1601898C2B1A51860012B315 /* MarkdownUI */; };
		160199BE2B1E9C3400696377 /* libwhisper.dylib in Frameworks */ = {isa = PBXBuildFile; fileRef = 160199BD2B1E9C3400696377 /* libwhisper.dylib */; };
		160199C02B1E9C4600696377 /* libllama.dylib in Frameworks */ = {isa = PBXBuildFile; fileRef = 160199BF2B1E9C4600696377 /* libllama.dylib */; };
		160199C12B1E9C5A00696377 /* libllama.dylib in CopyFiles */ = {isa = PBXBuildFile; fileRef = 160199BF2B1E9C4600696377 /* libllama.dylib */; settings = {ATTRIBUTES = (CodeSignOnCopy, ); }; };
		160199C22B1E9C5A00696377 /* libwhisper.dylib in CopyFiles */ = {isa = PBXBuildFile; fileRef = 160199BD2B1E9C3400696377 /* libwhisper.dylib */; settings = {ATTRIBUTES = (CodeSignOnCopy, ); }; };
		1608DB6E2B151B4F00FFFB09 /* ContentView.swift in Sources */ = {isa = PBXBuildFile; fileRef = 1608DB6D2B151B4F00FFFB09 /* ContentView.swift */; };
		1608DB702B151B5000FFFB09 /* Assets.xcassets in Resources */ = {isa = PBXBuildFile; fileRef = 1608DB6F2B151B5000FFFB09 /* Assets.xcassets */; };
		1608DB932B151C4600FFFB09 /* Metal.framework in Frameworks */ = {isa = PBXBuildFile; fileRef = 1608DB922B151C4600FFFB09 /* Metal.framework */; };
		1608DB952B151C4B00FFFB09 /* Accelerate.framework in Frameworks */ = {isa = PBXBuildFile; fileRef = 1608DB942B151C4B00FFFB09 /* Accelerate.framework */; };
		1608DB982B151DF000FFFB09 /* LlamaContext.swift in Sources */ = {isa = PBXBuildFile; fileRef = 1608DB972B151DF000FFFB09 /* LlamaContext.swift */; };
		1638B90F2B29CD96005E25A4 /* whisper.metallib in Resources */ = {isa = PBXBuildFile; fileRef = 1638B90D2B29CD96005E25A4 /* whisper.metallib */; };
		16578A322B18CA5A0038A680 /* AppState.swift in Sources */ = {isa = PBXBuildFile; fileRef = 16578A312B18CA5A0038A680 /* AppState.swift */; };
		16578A342B18CA820038A680 /* Speaker.swift in Sources */ = {isa = PBXBuildFile; fileRef = 16578A332B18CA820038A680 /* Speaker.swift */; };
		16578A392B1924B80038A680 /* WhisperContext.swift in Sources */ = {isa = PBXBuildFile; fileRef = 16578A382B1924B80038A680 /* WhisperContext.swift */; };
		16905E4C2B2E0D6D006B4EC8 /* AssetFetcher.swift in Sources */ = {isa = PBXBuildFile; fileRef = 16905E4B2B2E0D6D006B4EC8 /* AssetFetcher.swift */; };
		16905E4E2B2E2DED006B4EC8 /* Globals.swift in Sources */ = {isa = PBXBuildFile; fileRef = 16905E4D2B2E2DED006B4EC8 /* Globals.swift */; };
		16905E502B2E5190006B4EC8 /* Template.swift in Sources */ = {isa = PBXBuildFile; fileRef = 16905E4F2B2E5190006B4EC8 /* Template.swift */; };
		16905E522B2E52BD006B4EC8 /* Asset.swift in Sources */ = {isa = PBXBuildFile; fileRef = 16905E512B2E52BD006B4EC8 /* Asset.swift */; };
		16C57E942B2D357100A6A6C5 /* MicStart.caf in Resources */ = {isa = PBXBuildFile; fileRef = 16C57E922B2D357000A6A6C5 /* MicStart.caf */; };
		16C57E952B2D357100A6A6C5 /* MicStop.caf in Resources */ = {isa = PBXBuildFile; fileRef = 16C57E932B2D357000A6A6C5 /* MicStop.caf */; };
		16C7C21D2B2A0A6700755BC4 /* llama.metallib in Resources */ = {isa = PBXBuildFile; fileRef = 16C7C21C2B2A0A6700755BC4 /* llama.metallib */; };
		16D86BE82B20917C00DAE806 /* Emeltal.metal in Sources */ = {isa = PBXBuildFile; fileRef = 16D86BE72B20917C00DAE806 /* Emeltal.metal */; };
/* End PBXBuildFile section */

/* Begin PBXCopyFilesBuildPhase section */
		1601999F2B1E937E00696377 /* CopyFiles */ = {
			isa = PBXCopyFilesBuildPhase;
			buildActionMask = 2147483647;
			dstPath = "";
			dstSubfolderSpec = 10;
			files = (
				160199C12B1E9C5A00696377 /* libllama.dylib in CopyFiles */,
				160199C22B1E9C5A00696377 /* libwhisper.dylib in CopyFiles */,
			);
			runOnlyForDeploymentPostprocessing = 0;
		};
/* End PBXCopyFilesBuildPhase section */

/* Begin PBXFileReference section */
		160189852B1A026B0012B315 /* Mic.swift */ = {isa = PBXFileReference; lastKnownFileType = sourcecode.swift; path = Mic.swift; sourceTree = "<group>"; };
		160199BD2B1E9C3400696377 /* libwhisper.dylib */ = {isa = PBXFileReference; lastKnownFileType = "compiled.mach-o.dylib"; path = libwhisper.dylib; sourceTree = "<group>"; };
		160199BF2B1E9C4600696377 /* libllama.dylib */ = {isa = PBXFileReference; lastKnownFileType = "compiled.mach-o.dylib"; path = libllama.dylib; sourceTree = "<group>"; };
		1608DB682B151B4F00FFFB09 /* Emeltal.app */ = {isa = PBXFileReference; explicitFileType = wrapper.application; includeInIndex = 0; path = Emeltal.app; sourceTree = BUILT_PRODUCTS_DIR; };
		1608DB6D2B151B4F00FFFB09 /* ContentView.swift */ = {isa = PBXFileReference; lastKnownFileType = sourcecode.swift; path = ContentView.swift; sourceTree = "<group>"; };
		1608DB6F2B151B5000FFFB09 /* Assets.xcassets */ = {isa = PBXFileReference; lastKnownFileType = folder.assetcatalog; path = Assets.xcassets; sourceTree = "<group>"; };
		1608DB712B151B5000FFFB09 /* Emeltal.entitlements */ = {isa = PBXFileReference; lastKnownFileType = text.plist.entitlements; path = Emeltal.entitlements; sourceTree = "<group>"; };
		1608DB7A2B151B8B00FFFB09 /* Emeltal-Bridging-Header.h */ = {isa = PBXFileReference; lastKnownFileType = sourcecode.c.h; path = "Emeltal-Bridging-Header.h"; sourceTree = "<group>"; };
		1608DB832B151B8C00FFFB09 /* llama.h */ = {isa = PBXFileReference; fileEncoding = 4; lastKnownFileType = sourcecode.c.h; path = llama.h; sourceTree = "<group>"; };
		1608DB842B151B8C00FFFB09 /* ggml.h */ = {isa = PBXFileReference; fileEncoding = 4; lastKnownFileType = sourcecode.c.h; path = ggml.h; sourceTree = "<group>"; };
		1608DB922B151C4600FFFB09 /* Metal.framework */ = {isa = PBXFileReference; lastKnownFileType = wrapper.framework; name = Metal.framework; path = Platforms/iPhoneOS.platform/Developer/SDKs/iPhoneOS17.0.sdk/System/Library/Frameworks/Metal.framework; sourceTree = DEVELOPER_DIR; };
		1608DB942B151C4B00FFFB09 /* Accelerate.framework */ = {isa = PBXFileReference; lastKnownFileType = wrapper.framework; name = Accelerate.framework; path = Platforms/iPhoneOS.platform/Developer/SDKs/iPhoneOS17.0.sdk/System/Library/Frameworks/Accelerate.framework; sourceTree = DEVELOPER_DIR; };
		1608DB972B151DF000FFFB09 /* LlamaContext.swift */ = {isa = PBXFileReference; fileEncoding = 4; lastKnownFileType = sourcecode.swift; path = LlamaContext.swift; sourceTree = "<group>"; };
		1638B90D2B29CD96005E25A4 /* whisper.metallib */ = {isa = PBXFileReference; lastKnownFileType = "archive.metal-library"; path = whisper.metallib; sourceTree = "<group>"; };
		16578A312B18CA5A0038A680 /* AppState.swift */ = {isa = PBXFileReference; lastKnownFileType = sourcecode.swift; path = AppState.swift; sourceTree = "<group>"; };
		16578A332B18CA820038A680 /* Speaker.swift */ = {isa = PBXFileReference; lastKnownFileType = sourcecode.swift; path = Speaker.swift; sourceTree = "<group>"; };
		16578A382B1924B80038A680 /* WhisperContext.swift */ = {isa = PBXFileReference; fileEncoding = 4; lastKnownFileType = sourcecode.swift; path = WhisperContext.swift; sourceTree = "<group>"; };
		16905E4B2B2E0D6D006B4EC8 /* AssetFetcher.swift */ = {isa = PBXFileReference; lastKnownFileType = sourcecode.swift; path = AssetFetcher.swift; sourceTree = "<group>"; };
		16905E4D2B2E2DED006B4EC8 /* Globals.swift */ = {isa = PBXFileReference; lastKnownFileType = sourcecode.swift; path = Globals.swift; sourceTree = "<group>"; };
		16905E4F2B2E5190006B4EC8 /* Template.swift */ = {isa = PBXFileReference; lastKnownFileType = sourcecode.swift; path = Template.swift; sourceTree = "<group>"; };
		16905E512B2E52BD006B4EC8 /* Asset.swift */ = {isa = PBXFileReference; lastKnownFileType = sourcecode.swift; path = Asset.swift; sourceTree = "<group>"; };
		16B52E332B1B96A7004EE3E5 /* whisper.h */ = {isa = PBXFileReference; fileEncoding = 4; lastKnownFileType = sourcecode.c.h; path = whisper.h; sourceTree = "<group>"; };
		16C57E922B2D357000A6A6C5 /* MicStart.caf */ = {isa = PBXFileReference; lastKnownFileType = file; name = MicStart.caf; path = Emeltal/Audio/MicStart.caf; sourceTree = SOURCE_ROOT; };
		16C57E932B2D357000A6A6C5 /* MicStop.caf */ = {isa = PBXFileReference; lastKnownFileType = file; name = MicStop.caf; path = Emeltal/Audio/MicStop.caf; sourceTree = SOURCE_ROOT; };
		16C794402B2F43D60052B707 /* Info.plist */ = {isa = PBXFileReference; lastKnownFileType = text.plist; path = Info.plist; sourceTree = "<group>"; };
		16C7C21C2B2A0A6700755BC4 /* llama.metallib */ = {isa = PBXFileReference; lastKnownFileType = "archive.metal-library"; path = llama.metallib; sourceTree = "<group>"; };
		16D86BE72B20917C00DAE806 /* Emeltal.metal */ = {isa = PBXFileReference; lastKnownFileType = sourcecode.metal; path = Emeltal.metal; sourceTree = "<group>"; };
/* End PBXFileReference section */

/* Begin PBXFrameworksBuildPhase section */
		1608DB652B151B4F00FFFB09 /* Frameworks */ = {
			isa = PBXFrameworksBuildPhase;
			buildActionMask = 2147483647;
			files = (
				1601898D2B1A51860012B315 /* MarkdownUI in Frameworks */,
				160199C02B1E9C4600696377 /* libllama.dylib in Frameworks */,
				1608DB932B151C4600FFFB09 /* Metal.framework in Frameworks */,
				1608DB952B151C4B00FFFB09 /* Accelerate.framework in Frameworks */,
				160199BE2B1E9C3400696377 /* libwhisper.dylib in Frameworks */,
			);
			runOnlyForDeploymentPostprocessing = 0;
		};
/* End PBXFrameworksBuildPhase section */

/* Begin PBXGroup section */
		16053F7B2B1CCB13009E07DA /* llama-cpp */ = {
			isa = PBXGroup;
			children = (
				1638B90D2B29CD96005E25A4 /* whisper.metallib */,
				16C7C21C2B2A0A6700755BC4 /* llama.metallib */,
				1608DB842B151B8C00FFFB09 /* ggml.h */,
				1608DB832B151B8C00FFFB09 /* llama.h */,
				16B52E332B1B96A7004EE3E5 /* whisper.h */,
			);
			path = "llama-cpp";
			sourceTree = "<group>";
		};
		1608DB5F2B151B4F00FFFB09 = {
			isa = PBXGroup;
			children = (
				1608DB6A2B151B4F00FFFB09 /* Emeltal */,
				1608DB692B151B4F00FFFB09 /* Products */,
				1608DB912B151C4600FFFB09 /* Frameworks */,
			);
			sourceTree = "<group>";
		};
		1608DB692B151B4F00FFFB09 /* Products */ = {
			isa = PBXGroup;
			children = (
				1608DB682B151B4F00FFFB09 /* Emeltal.app */,
			);
			name = Products;
			sourceTree = "<group>";
		};
		1608DB6A2B151B4F00FFFB09 /* Emeltal */ = {
			isa = PBXGroup;
			children = (
				16C794402B2F43D60052B707 /* Info.plist */,
				16C7943F2B2F3DEF0052B707 /* Audio */,
				16578A312B18CA5A0038A680 /* AppState.swift */,
				1608DB6F2B151B5000FFFB09 /* Assets.xcassets */,
				1608DB6D2B151B4F00FFFB09 /* ContentView.swift */,
				16053F7B2B1CCB13009E07DA /* llama-cpp */,
				1608DB972B151DF000FFFB09 /* LlamaContext.swift */,
				160189852B1A026B0012B315 /* Mic.swift */,
				1608DB7A2B151B8B00FFFB09 /* Emeltal-Bridging-Header.h */,
				1608DB712B151B5000FFFB09 /* Emeltal.entitlements */,
				16578A332B18CA820038A680 /* Speaker.swift */,
				16578A382B1924B80038A680 /* WhisperContext.swift */,
				16D86BE72B20917C00DAE806 /* Emeltal.metal */,
				16905E4B2B2E0D6D006B4EC8 /* AssetFetcher.swift */,
				16905E4D2B2E2DED006B4EC8 /* Globals.swift */,
				16905E4F2B2E5190006B4EC8 /* Template.swift */,
				16905E512B2E52BD006B4EC8 /* Asset.swift */,
			);
			path = Emeltal;
			sourceTree = "<group>";
		};
		1608DB912B151C4600FFFB09 /* Frameworks */ = {
			isa = PBXGroup;
			children = (
				160199BF2B1E9C4600696377 /* libllama.dylib */,
				160199BD2B1E9C3400696377 /* libwhisper.dylib */,
				1608DB942B151C4B00FFFB09 /* Accelerate.framework */,
				1608DB922B151C4600FFFB09 /* Metal.framework */,
			);
			name = Frameworks;
			sourceTree = "<group>";
		};
		16C7943F2B2F3DEF0052B707 /* Audio */ = {
			isa = PBXGroup;
			children = (
				16C57E922B2D357000A6A6C5 /* MicStart.caf */,
				16C57E932B2D357000A6A6C5 /* MicStop.caf */,
			);
			path = Audio;
			sourceTree = "<group>";
		};
/* End PBXGroup section */

/* Begin PBXNativeTarget section */
		1608DB672B151B4F00FFFB09 /* Emeltal */ = {
			isa = PBXNativeTarget;
			buildConfigurationList = 1608DB772B151B5000FFFB09 /* Build configuration list for PBXNativeTarget "Emeltal" */;
			buildPhases = (
				1608DB642B151B4F00FFFB09 /* Sources */,
				1608DB652B151B4F00FFFB09 /* Frameworks */,
				1608DB662B151B4F00FFFB09 /* Resources */,
				1601999F2B1E937E00696377 /* CopyFiles */,
			);
			buildRules = (
			);
			dependencies = (
			);
			name = Emeltal;
			packageProductDependencies = (
				1601898C2B1A51860012B315 /* MarkdownUI */,
			);
			productName = Safespace;
			productReference = 1608DB682B151B4F00FFFB09 /* Emeltal.app */;
			productType = "com.apple.product-type.application";
		};
/* End PBXNativeTarget section */

/* Begin PBXProject section */
		1608DB602B151B4F00FFFB09 /* Project object */ = {
			isa = PBXProject;
			attributes = {
				BuildIndependentTargetsInParallel = 1;
				LastSwiftUpdateCheck = 1500;
				LastUpgradeCheck = 1500;
				TargetAttributes = {
					1608DB672B151B4F00FFFB09 = {
						CreatedOnToolsVersion = 15.0.1;
						LastSwiftMigration = 1500;
					};
				};
			};
			buildConfigurationList = 1608DB632B151B4F00FFFB09 /* Build configuration list for PBXProject "Emeltal" */;
			compatibilityVersion = "Xcode 14.0";
			developmentRegion = en;
			hasScannedForEncodings = 0;
			knownRegions = (
				en,
				Base,
			);
			mainGroup = 1608DB5F2B151B4F00FFFB09;
			packageReferences = (
				1601898B2B1A51860012B315 /* XCRemoteSwiftPackageReference "swift-markdown-ui" */,
			);
			productRefGroup = 1608DB692B151B4F00FFFB09 /* Products */;
			projectDirPath = "";
			projectRoot = "";
			targets = (
				1608DB672B151B4F00FFFB09 /* Emeltal */,
			);
		};
/* End PBXProject section */

/* Begin PBXResourcesBuildPhase section */
		1608DB662B151B4F00FFFB09 /* Resources */ = {
			isa = PBXResourcesBuildPhase;
			buildActionMask = 2147483647;
			files = (
				16C7C21D2B2A0A6700755BC4 /* llama.metallib in Resources */,
				1608DB702B151B5000FFFB09 /* Assets.xcassets in Resources */,
				16C57E942B2D357100A6A6C5 /* MicStart.caf in Resources */,
				1638B90F2B29CD96005E25A4 /* whisper.metallib in Resources */,
				16C57E952B2D357100A6A6C5 /* MicStop.caf in Resources */,
			);
			runOnlyForDeploymentPostprocessing = 0;
		};
/* End PBXResourcesBuildPhase section */

/* Begin PBXSourcesBuildPhase section */
		1608DB642B151B4F00FFFB09 /* Sources */ = {
			isa = PBXSourcesBuildPhase;
			buildActionMask = 2147483647;
			files = (
				16578A392B1924B80038A680 /* WhisperContext.swift in Sources */,
				16578A342B18CA820038A680 /* Speaker.swift in Sources */,
				1608DB6E2B151B4F00FFFB09 /* ContentView.swift in Sources */,
				16905E522B2E52BD006B4EC8 /* Asset.swift in Sources */,
				16D86BE82B20917C00DAE806 /* Emeltal.metal in Sources */,
				16578A322B18CA5A0038A680 /* AppState.swift in Sources */,
				16905E502B2E5190006B4EC8 /* Template.swift in Sources */,
				160189862B1A026B0012B315 /* Mic.swift in Sources */,
				16905E4C2B2E0D6D006B4EC8 /* AssetFetcher.swift in Sources */,
				1608DB982B151DF000FFFB09 /* LlamaContext.swift in Sources */,
				16905E4E2B2E2DED006B4EC8 /* Globals.swift in Sources */,
			);
			runOnlyForDeploymentPostprocessing = 0;
		};
/* End PBXSourcesBuildPhase section */

/* Begin XCBuildConfiguration section */
		1608DB752B151B5000FFFB09 /* Debug */ = {
			isa = XCBuildConfiguration;
			buildSettings = {
				ALWAYS_SEARCH_USER_PATHS = NO;
				ASSETCATALOG_COMPILER_GENERATE_SWIFT_ASSET_SYMBOL_EXTENSIONS = YES;
				ASSETCATALOG_COMPILER_OPTIMIZATION = time;
				CLANG_ANALYZER_NONNULL = YES;
				CLANG_ANALYZER_NUMBER_OBJECT_CONVERSION = YES_AGGRESSIVE;
				CLANG_CXX_LANGUAGE_STANDARD = "gnu++20";
				CLANG_ENABLE_MODULES = YES;
				CLANG_ENABLE_OBJC_ARC = YES;
				CLANG_ENABLE_OBJC_WEAK = YES;
				CLANG_WARN_BLOCK_CAPTURE_AUTORELEASING = YES;
				CLANG_WARN_BOOL_CONVERSION = YES;
				CLANG_WARN_COMMA = YES;
				CLANG_WARN_CONSTANT_CONVERSION = YES;
				CLANG_WARN_DEPRECATED_OBJC_IMPLEMENTATIONS = YES;
				CLANG_WARN_DIRECT_OBJC_ISA_USAGE = YES_ERROR;
				CLANG_WARN_DOCUMENTATION_COMMENTS = YES;
				CLANG_WARN_EMPTY_BODY = YES;
				CLANG_WARN_ENUM_CONVERSION = YES;
				CLANG_WARN_INFINITE_RECURSION = YES;
				CLANG_WARN_INT_CONVERSION = YES;
				CLANG_WARN_NON_LITERAL_NULL_CONVERSION = YES;
				CLANG_WARN_OBJC_IMPLICIT_RETAIN_SELF = YES;
				CLANG_WARN_OBJC_LITERAL_CONVERSION = YES;
				CLANG_WARN_OBJC_ROOT_CLASS = YES_ERROR;
				CLANG_WARN_QUOTED_INCLUDE_IN_FRAMEWORK_HEADER = YES;
				CLANG_WARN_RANGE_LOOP_ANALYSIS = YES;
				CLANG_WARN_STRICT_PROTOTYPES = YES;
				CLANG_WARN_SUSPICIOUS_MOVE = YES;
				CLANG_WARN_UNGUARDED_AVAILABILITY = YES_AGGRESSIVE;
				CLANG_WARN_UNREACHABLE_CODE = YES;
				CLANG_WARN__DUPLICATE_METHOD_MATCH = YES;
				COPY_PHASE_STRIP = NO;
				DEAD_CODE_STRIPPING = YES;
				DEBUG_INFORMATION_FORMAT = dwarf;
				ENABLE_STRICT_OBJC_MSGSEND = YES;
				ENABLE_TESTABILITY = YES;
				ENABLE_USER_SCRIPT_SANDBOXING = YES;
				EXCLUDED_ARCHS = x86_64;
				GCC_C_LANGUAGE_STANDARD = gnu17;
				GCC_DYNAMIC_NO_PIC = NO;
				GCC_NO_COMMON_BLOCKS = YES;
				GCC_OPTIMIZATION_LEVEL = 0;
				GCC_PREPROCESSOR_DEFINITIONS = (
					"DEBUG=1",
					"$(inherited)",
				);
				GCC_WARN_64_TO_32_BIT_CONVERSION = NO;
				GCC_WARN_ABOUT_RETURN_TYPE = YES_ERROR;
				GCC_WARN_UNDECLARED_SELECTOR = YES;
				GCC_WARN_UNINITIALIZED_AUTOS = YES_AGGRESSIVE;
				GCC_WARN_UNUSED_FUNCTION = NO;
				GCC_WARN_UNUSED_VARIABLE = YES;
				LOCALIZATION_PREFERS_STRING_CATALOGS = YES;
				MTL_ENABLE_DEBUG_INFO = INCLUDE_SOURCE;
				MTL_FAST_MATH = YES;
				ONLY_ACTIVE_ARCH = YES;
				SWIFT_ACTIVE_COMPILATION_CONDITIONS = "DEBUG $(inherited)";
				SWIFT_OPTIMIZATION_LEVEL = "-Onone";
			};
			name = Debug;
		};
		1608DB762B151B5000FFFB09 /* Release */ = {
			isa = XCBuildConfiguration;
			buildSettings = {
				ALWAYS_SEARCH_USER_PATHS = NO;
				ASSETCATALOG_COMPILER_GENERATE_SWIFT_ASSET_SYMBOL_EXTENSIONS = YES;
				ASSETCATALOG_COMPILER_OPTIMIZATION = time;
				CLANG_ANALYZER_NONNULL = YES;
				CLANG_ANALYZER_NUMBER_OBJECT_CONVERSION = YES_AGGRESSIVE;
				CLANG_CXX_LANGUAGE_STANDARD = "gnu++20";
				CLANG_ENABLE_MODULES = YES;
				CLANG_ENABLE_OBJC_ARC = YES;
				CLANG_ENABLE_OBJC_WEAK = YES;
				CLANG_WARN_BLOCK_CAPTURE_AUTORELEASING = YES;
				CLANG_WARN_BOOL_CONVERSION = YES;
				CLANG_WARN_COMMA = YES;
				CLANG_WARN_CONSTANT_CONVERSION = YES;
				CLANG_WARN_DEPRECATED_OBJC_IMPLEMENTATIONS = YES;
				CLANG_WARN_DIRECT_OBJC_ISA_USAGE = YES_ERROR;
				CLANG_WARN_DOCUMENTATION_COMMENTS = YES;
				CLANG_WARN_EMPTY_BODY = YES;
				CLANG_WARN_ENUM_CONVERSION = YES;
				CLANG_WARN_INFINITE_RECURSION = YES;
				CLANG_WARN_INT_CONVERSION = YES;
				CLANG_WARN_NON_LITERAL_NULL_CONVERSION = YES;
				CLANG_WARN_OBJC_IMPLICIT_RETAIN_SELF = YES;
				CLANG_WARN_OBJC_LITERAL_CONVERSION = YES;
				CLANG_WARN_OBJC_ROOT_CLASS = YES_ERROR;
				CLANG_WARN_QUOTED_INCLUDE_IN_FRAMEWORK_HEADER = YES;
				CLANG_WARN_RANGE_LOOP_ANALYSIS = YES;
				CLANG_WARN_STRICT_PROTOTYPES = YES;
				CLANG_WARN_SUSPICIOUS_MOVE = YES;
				CLANG_WARN_UNGUARDED_AVAILABILITY = YES_AGGRESSIVE;
				CLANG_WARN_UNREACHABLE_CODE = YES;
				CLANG_WARN__DUPLICATE_METHOD_MATCH = YES;
				COPY_PHASE_STRIP = NO;
				DEAD_CODE_STRIPPING = YES;
				DEBUG_INFORMATION_FORMAT = "dwarf-with-dsym";
				ENABLE_NS_ASSERTIONS = NO;
				ENABLE_STRICT_OBJC_MSGSEND = YES;
				ENABLE_USER_SCRIPT_SANDBOXING = YES;
				EXCLUDED_ARCHS = x86_64;
				GCC_C_LANGUAGE_STANDARD = gnu17;
				GCC_NO_COMMON_BLOCKS = YES;
				GCC_OPTIMIZATION_LEVEL = fast;
				GCC_WARN_64_TO_32_BIT_CONVERSION = NO;
				GCC_WARN_ABOUT_RETURN_TYPE = YES_ERROR;
				GCC_WARN_UNDECLARED_SELECTOR = YES;
				GCC_WARN_UNINITIALIZED_AUTOS = YES_AGGRESSIVE;
				GCC_WARN_UNUSED_FUNCTION = NO;
				GCC_WARN_UNUSED_VARIABLE = YES;
				LLVM_LTO = YES;
				LOCALIZATION_PREFERS_STRING_CATALOGS = YES;
				MTL_ENABLE_DEBUG_INFO = NO;
				MTL_FAST_MATH = YES;
				SWIFT_COMPILATION_MODE = wholemodule;
				SWIFT_DISABLE_SAFETY_CHECKS = YES;
				SWIFT_ENFORCE_EXCLUSIVE_ACCESS = off;
			};
			name = Release;
		};
		1608DB782B151B5000FFFB09 /* Debug */ = {
			isa = XCBuildConfiguration;
			buildSettings = {
				ASSETCATALOG_COMPILER_APPICON_NAME = AppIcon;
				ASSETCATALOG_COMPILER_GLOBAL_ACCENT_COLOR_NAME = AccentColor;
				CLANG_ENABLE_MODULES = YES;
				CODE_SIGN_ENTITLEMENTS = Emeltal/Emeltal.entitlements;
				CODE_SIGN_STYLE = Automatic;
				CURRENT_PROJECT_VERSION = 1;
				DEAD_CODE_STRIPPING = YES;
				DEVELOPMENT_ASSET_PATHS = "";
				DEVELOPMENT_TEAM = X727JSJUGJ;
				ENABLE_HARDENED_RUNTIME = YES;
				ENABLE_PREVIEWS = YES;
				GENERATE_INFOPLIST_FILE = YES;
				INFOPLIST_FILE = Emeltal/Info.plist;
				INFOPLIST_KEY_LSApplicationCategoryType = "public.app-category.utilities";
				INFOPLIST_KEY_NSMicrophoneUsageDescription = "To be able to use your voice to talk to the app";
				INFOPLIST_KEY_NSSpeechRecognitionUsageDescription = "To be able to use your voice to talk to the app";
				"INFOPLIST_KEY_UIApplicationSceneManifest_Generation[sdk=iphoneos*]" = YES;
				"INFOPLIST_KEY_UIApplicationSceneManifest_Generation[sdk=iphonesimulator*]" = YES;
				"INFOPLIST_KEY_UIApplicationSupportsIndirectInputEvents[sdk=iphoneos*]" = YES;
				"INFOPLIST_KEY_UIApplicationSupportsIndirectInputEvents[sdk=iphonesimulator*]" = YES;
				"INFOPLIST_KEY_UILaunchScreen_Generation[sdk=iphoneos*]" = YES;
				"INFOPLIST_KEY_UILaunchScreen_Generation[sdk=iphonesimulator*]" = YES;
				"INFOPLIST_KEY_UIStatusBarStyle[sdk=iphoneos*]" = UIStatusBarStyleDefault;
				"INFOPLIST_KEY_UIStatusBarStyle[sdk=iphonesimulator*]" = UIStatusBarStyleDefault;
				INFOPLIST_KEY_UISupportedInterfaceOrientations_iPad = "UIInterfaceOrientationPortrait UIInterfaceOrientationPortraitUpsideDown UIInterfaceOrientationLandscapeLeft UIInterfaceOrientationLandscapeRight";
				INFOPLIST_KEY_UISupportedInterfaceOrientations_iPhone = "UIInterfaceOrientationPortrait UIInterfaceOrientationLandscapeLeft UIInterfaceOrientationLandscapeRight";
				IPHONEOS_DEPLOYMENT_TARGET = 17.0;
				LD_RUNPATH_SEARCH_PATHS = "@executable_path/Frameworks";
				"LD_RUNPATH_SEARCH_PATHS[sdk=macosx*]" = "@executable_path/../Frameworks";
				LIBRARY_SEARCH_PATHS = (
					"$(inherited)",
					"$(PROJECT_DIR)",
				);
				MACOSX_DEPLOYMENT_TARGET = 14.0;
				MARKETING_VERSION = 1.0;
				PRODUCT_BUNDLE_IDENTIFIER = build.bru.Emeltal;
				PRODUCT_NAME = "$(TARGET_NAME)";
				SDKROOT = auto;
				SUPPORTED_PLATFORMS = "iphoneos iphonesimulator macosx";
				SWIFT_EMIT_LOC_STRINGS = YES;
				SWIFT_OBJC_BRIDGING_HEADER = "Emeltal/Emeltal-Bridging-Header.h";
				SWIFT_OPTIMIZATION_LEVEL = "-Onone";
				SWIFT_VERSION = 5.0;
				TARGETED_DEVICE_FAMILY = "1,2";
			};
			name = Debug;
		};
		1608DB792B151B5000FFFB09 /* Release */ = {
			isa = XCBuildConfiguration;
			buildSettings = {
				ASSETCATALOG_COMPILER_APPICON_NAME = AppIcon;
				ASSETCATALOG_COMPILER_GLOBAL_ACCENT_COLOR_NAME = AccentColor;
				CLANG_ENABLE_MODULES = YES;
				CODE_SIGN_ENTITLEMENTS = Emeltal/Emeltal.entitlements;
				CODE_SIGN_STYLE = Automatic;
				CURRENT_PROJECT_VERSION = 1;
				DEAD_CODE_STRIPPING = YES;
				DEVELOPMENT_ASSET_PATHS = "";
				DEVELOPMENT_TEAM = X727JSJUGJ;
				ENABLE_HARDENED_RUNTIME = YES;
				ENABLE_PREVIEWS = YES;
				GENERATE_INFOPLIST_FILE = YES;
				INFOPLIST_FILE = Emeltal/Info.plist;
				INFOPLIST_KEY_LSApplicationCategoryType = "public.app-category.utilities";
				INFOPLIST_KEY_NSMicrophoneUsageDescription = "To be able to use your voice to talk to the app";
				INFOPLIST_KEY_NSSpeechRecognitionUsageDescription = "To be able to use your voice to talk to the app";
				"INFOPLIST_KEY_UIApplicationSceneManifest_Generation[sdk=iphoneos*]" = YES;
				"INFOPLIST_KEY_UIApplicationSceneManifest_Generation[sdk=iphonesimulator*]" = YES;
				"INFOPLIST_KEY_UIApplicationSupportsIndirectInputEvents[sdk=iphoneos*]" = YES;
				"INFOPLIST_KEY_UIApplicationSupportsIndirectInputEvents[sdk=iphonesimulator*]" = YES;
				"INFOPLIST_KEY_UILaunchScreen_Generation[sdk=iphoneos*]" = YES;
				"INFOPLIST_KEY_UILaunchScreen_Generation[sdk=iphonesimulator*]" = YES;
				"INFOPLIST_KEY_UIStatusBarStyle[sdk=iphoneos*]" = UIStatusBarStyleDefault;
				"INFOPLIST_KEY_UIStatusBarStyle[sdk=iphonesimulator*]" = UIStatusBarStyleDefault;
				INFOPLIST_KEY_UISupportedInterfaceOrientations_iPad = "UIInterfaceOrientationPortrait UIInterfaceOrientationPortraitUpsideDown UIInterfaceOrientationLandscapeLeft UIInterfaceOrientationLandscapeRight";
				INFOPLIST_KEY_UISupportedInterfaceOrientations_iPhone = "UIInterfaceOrientationPortrait UIInterfaceOrientationLandscapeLeft UIInterfaceOrientationLandscapeRight";
				IPHONEOS_DEPLOYMENT_TARGET = 17.0;
				LD_RUNPATH_SEARCH_PATHS = "@executable_path/Frameworks";
				"LD_RUNPATH_SEARCH_PATHS[sdk=macosx*]" = "@executable_path/../Frameworks";
				LIBRARY_SEARCH_PATHS = (
					"$(inherited)",
					"$(PROJECT_DIR)",
				);
				MACOSX_DEPLOYMENT_TARGET = 14.0;
				MARKETING_VERSION = 1.0;
				PRODUCT_BUNDLE_IDENTIFIER = build.bru.Emeltal;
				PRODUCT_NAME = "$(TARGET_NAME)";
				SDKROOT = auto;
				SUPPORTED_PLATFORMS = "iphoneos iphonesimulator macosx";
				SWIFT_EMIT_LOC_STRINGS = YES;
				SWIFT_OBJC_BRIDGING_HEADER = "Emeltal/Emeltal-Bridging-Header.h";
				SWIFT_VERSION = 5.0;
				TARGETED_DEVICE_FAMILY = "1,2";
			};
			name = Release;
		};
/* End XCBuildConfiguration section */

/* Begin XCConfigurationList section */
		1608DB632B151B4F00FFFB09 /* Build configuration list for PBXProject "Emeltal" */ = {
			isa = XCConfigurationList;
			buildConfigurations = (
				1608DB752B151B5000FFFB09 /* Debug */,
				1608DB762B151B5000FFFB09 /* Release */,
			);
			defaultConfigurationIsVisible = 0;
			defaultConfigurationName = Release;
		};
		1608DB772B151B5000FFFB09 /* Build configuration list for PBXNativeTarget "Emeltal" */ = {
			isa = XCConfigurationList;
			buildConfigurations = (
				1608DB782B151B5000FFFB09 /* Debug */,
				1608DB792B151B5000FFFB09 /* Release */,
			);
			defaultConfigurationIsVisible = 0;
			defaultConfigurationName = Release;
		};
/* End XCConfigurationList section */

/* Begin XCRemoteSwiftPackageReference section */
		1601898B2B1A51860012B315 /* XCRemoteSwiftPackageReference "swift-markdown-ui" */ = {
			isa = XCRemoteSwiftPackageReference;
			repositoryURL = "https://github.com/gonzalezreal/swift-markdown-ui";
			requirement = {
				kind = upToNextMajorVersion;
				minimumVersion = 2.2.0;
			};
		};
/* End XCRemoteSwiftPackageReference section */

/* Begin XCSwiftPackageProductDependency section */
		1601898C2B1A51860012B315 /* MarkdownUI */ = {
			isa = XCSwiftPackageProductDependency;
			package = 1601898B2B1A51860012B315 /* XCRemoteSwiftPackageReference "swift-markdown-ui" */;
			productName = MarkdownUI;
		};
/* End XCSwiftPackageProductDependency section */
	};
	rootObject = 1608DB602B151B4F00FFFB09 /* Project object */;
}
