{
  "originHash" : "4422bee6b49d14e3d9a1550d01e170a451da5d6b5888b2327d3505b2dce954cd",
  "pins" : [
    {
      "identity" : "htmlstring",
      "kind" : "remoteSourceControl",
      "location" : "https://github.com/alexaubry/HTMLString",
      "state" : {
        "revision" : "04613a3b0f40a91e554b5174c0a10657f1a26357",
        "version" : "6.0.1"
      }
    },
    {
      "identity" : "ink",
      "kind" : "remoteSourceControl",
      "location" : "https://github.com/JohnSundell/Ink",
      "state" : {
        "revision" : "bcc9f219900a62c4210e6db726035d7f03ae757b",
        "version" : "0.6.0"
      }
    },
    {
      "identity" : "pop-timer",
      "kind" : "remoteSourceControl",
      "location" : "https://github.com/ptsochantaris/pop-timer",
      "state" : {
        "revision" : "866789ba524adc477ad3eb0ad41c929f7092dac7",
        "version" : "1.0.1"
      }
    }
  ],
  "version" : 3
}
